
Microsoft Visual Studio Solution File, Format Version 12.00
# Visual Studio 2013
VisualStudioVersion = 12.0.30723.0
MinimumVisualStudioVersion = 10.0.40219.1
Project("{8BC9CEB8-8B4A-11D0-8D11-00A0C91BC942}") = "NFLog", "NFLog\NFLog.vcxproj", "{1AD5B823-14A9-4C92-8A61-EEAC6790A898}"
EndProject
Project("{8BC9CEB8-8B4A-11D0-8D11-00A0C91BC942}") = "NFLogExamples", "NFLogExamples\NFLogExamples.vcxproj", "{DF33F2C6-75B1-450A-8120-06C4F96C689F}"
EndProject
Global
	GlobalSection(SolutionConfigurationPlatforms) = preSolution
		Debug|Win32 = Debug|Win32
		Release|Win32 = Release|Win32
	EndGlobalSection
	GlobalSection(ProjectConfigurationPlatforms) = postSolution
		{1AD5B823-14A9-4C92-8A61-EEAC6790A898}.Debug|Win32.ActiveCfg = Debug|Win32
		{1AD5B823-14A9-4C92-8A61-EEAC6790A898}.Debug|Win32.Build.0 = Debug|Win32
		{1AD5B823-14A9-4C92-8A61-EEAC6790A898}.Release|Win32.ActiveCfg = Release|Win32
		{1AD5B823-14A9-4C92-8A61-EEAC6790A898}.Release|Win32.Build.0 = Release|Win32
		{DF33F2C6-75B1-450A-8120-06C4F96C689F}.Debug|Win32.ActiveCfg = Debug|Win32
		{DF33F2C6-75B1-450A-8120-06C4F96C689F}.Debug|Win32.Build.0 = Debug|Win32
		{DF33F2C6-75B1-450A-8120-06C4F96C689F}.Release|Win32.ActiveCfg = Release|Win32
		{DF33F2C6-75B1-450A-8120-06C4F96C689F}.Release|Win32.Build.0 = Release|Win32
	EndGlobalSection
	GlobalSection(SolutionProperties) = preSolution
		HideSolutionNode = FALSE
	EndGlobalSection
EndGlobal
